// !$*UTF8*$!
{
	archiveVersion = 1;
	classes = {
	};
	objectVersion = 46;
	objects = {

/* Begin PBXBuildFile section */
		931EF4F71666B6EB00D11B32 /* UIKit.framework in Frameworks */ = {isa = PBXBuildFile; fileRef = 931EF4F61666B6EB00D11B32 /* UIKit.framework */; };
		931EF4F91666B6EB00D11B32 /* Foundation.framework in Frameworks */ = {isa = PBXBuildFile; fileRef = 931EF4F81666B6EB00D11B32 /* Foundation.framework */; };
		931EF4FB1666B6EB00D11B32 /* CoreGraphics.framework in Frameworks */ = {isa = PBXBuildFile; fileRef = 931EF4FA1666B6EB00D11B32 /* CoreGraphics.framework */; };
		931EF4FD1666B6EB00D11B32 /* CoreData.framework in Frameworks */ = {isa = PBXBuildFile; fileRef = 931EF4FC1666B6EB00D11B32 /* CoreData.framework */; };
		931EF5031666B6EB00D11B32 /* InfoPlist.strings in Resources */ = {isa = PBXBuildFile; fileRef = 931EF5011666B6EB00D11B32 /* InfoPlist.strings */; };
		931EF5051666B6EB00D11B32 /* main.m in Sources */ = {isa = PBXBuildFile; fileRef = 931EF5041666B6EB00D11B32 /* main.m */; };
		931EF5091666B6EB00D11B32 /* AppDelegate.m in Sources */ = {isa = PBXBuildFile; fileRef = 931EF5081666B6EB00D11B32 /* AppDelegate.m */; };
		931EF50B1666B6EB00D11B32 /* Default.png in Resources */ = {isa = PBXBuildFile; fileRef = 931EF50A1666B6EB00D11B32 /* Default.png */; };
		931EF50D1666B6EB00D11B32 /* Default@2x.png in Resources */ = {isa = PBXBuildFile; fileRef = 931EF50C1666B6EB00D11B32 /* Default@2x.png */; };
		931EF50F1666B6EB00D11B32 /* Default-568h@2x.png in Resources */ = {isa = PBXBuildFile; fileRef = 931EF50E1666B6EB00D11B32 /* Default-568h@2x.png */; };
		931EF5121666B6EB00D11B32 /* ManagedJastor.xcdatamodeld in Sources */ = {isa = PBXBuildFile; fileRef = 931EF5101666B6EB00D11B32 /* ManagedJastor.xcdatamodeld */; };
		931EF51A1666B6EB00D11B32 /* SenTestingKit.framework in Frameworks */ = {isa = PBXBuildFile; fileRef = 931EF5191666B6EB00D11B32 /* SenTestingKit.framework */; };
		931EF51B1666B6EB00D11B32 /* UIKit.framework in Frameworks */ = {isa = PBXBuildFile; fileRef = 931EF4F61666B6EB00D11B32 /* UIKit.framework */; };
		931EF51C1666B6EB00D11B32 /* Foundation.framework in Frameworks */ = {isa = PBXBuildFile; fileRef = 931EF4F81666B6EB00D11B32 /* Foundation.framework */; };
		931EF51D1666B6EB00D11B32 /* CoreData.framework in Frameworks */ = {isa = PBXBuildFile; fileRef = 931EF4FC1666B6EB00D11B32 /* CoreData.framework */; };
		931EF5251666B6EB00D11B32 /* InfoPlist.strings in Resources */ = {isa = PBXBuildFile; fileRef = 931EF5231666B6EB00D11B32 /* InfoPlist.strings */; };
		931EF5281666B6EB00D11B32 /* ManagedJastorTests.m in Sources */ = {isa = PBXBuildFile; fileRef = 931EF5271666B6EB00D11B32 /* ManagedJastorTests.m */; };
		931EF5481666B91500D11B32 /* ManagedJastor.m in Sources */ = {isa = PBXBuildFile; fileRef = 931EF5451666B91500D11B32 /* ManagedJastor.m */; };
		931EF5491666B91500D11B32 /* ManagedJastor.m in Sources */ = {isa = PBXBuildFile; fileRef = 931EF5451666B91500D11B32 /* ManagedJastor.m */; };
		931EF54A1666B91500D11B32 /* ManagedJastorRuntimeHelper.m in Sources */ = {isa = PBXBuildFile; fileRef = 931EF5471666B91500D11B32 /* ManagedJastorRuntimeHelper.m */; };
		931EF54B1666B91500D11B32 /* ManagedJastorRuntimeHelper.m in Sources */ = {isa = PBXBuildFile; fileRef = 931EF5471666B91500D11B32 /* ManagedJastorRuntimeHelper.m */; };
		931EF54E1666BB7A00D11B32 /* ProductCategory.m in Sources */ = {isa = PBXBuildFile; fileRef = 931EF54D1666BB7A00D11B32 /* ProductCategory.m */; };
		931EF54F1666BB7A00D11B32 /* ProductCategory.m in Sources */ = {isa = PBXBuildFile; fileRef = 931EF54D1666BB7A00D11B32 /* ProductCategory.m */; };
		931EF5521666BBAB00D11B32 /* Product.m in Sources */ = {isa = PBXBuildFile; fileRef = 931EF5511666BBAB00D11B32 /* Product.m */; };
		931EF5531666BBAB00D11B32 /* Product.m in Sources */ = {isa = PBXBuildFile; fileRef = 931EF5511666BBAB00D11B32 /* Product.m */; };
		931EF5551666C02100D11B32 /* Product.json in Resources */ = {isa = PBXBuildFile; fileRef = 931EF5541666C02100D11B32 /* Product.json */; };
		931EF5561666C02100D11B32 /* Product.json in Resources */ = {isa = PBXBuildFile; fileRef = 931EF5541666C02100D11B32 /* Product.json */; };
		931EF5581666C16B00D11B32 /* README.md in Resources */ = {isa = PBXBuildFile; fileRef = 931EF5571666C16B00D11B32 /* README.md */; };
		931EF5591666C16B00D11B32 /* README.md in Resources */ = {isa = PBXBuildFile; fileRef = 931EF5571666C16B00D11B32 /* README.md */; };
/* End PBXBuildFile section */

/* Begin PBXContainerItemProxy section */
		931EF51E1666B6EB00D11B32 /* PBXContainerItemProxy */ = {
			isa = PBXContainerItemProxy;
			containerPortal = 931EF4E91666B6EB00D11B32 /* Project object */;
			proxyType = 1;
			remoteGlobalIDString = 931EF4F11666B6EB00D11B32;
			remoteInfo = ManagedJastor;
		};
/* End PBXContainerItemProxy section */

/* Begin PBXFileReference section */
		931EF4F21666B6EB00D11B32 /* ManagedJastor.app */ = {isa = PBXFileReference; explicitFileType = wrapper.application; includeInIndex = 0; path = ManagedJastor.app; sourceTree = BUILT_PRODUCTS_DIR; };
		931EF4F61666B6EB00D11B32 /* UIKit.framework */ = {isa = PBXFileReference; lastKnownFileType = wrapper.framework; name = UIKit.framework; path = System/Library/Frameworks/UIKit.framework; sourceTree = SDKROOT; };
		931EF4F81666B6EB00D11B32 /* Foundation.framework */ = {isa = PBXFileReference; lastKnownFileType = wrapper.framework; name = Foundation.framework; path = System/Library/Frameworks/Foundation.framework; sourceTree = SDKROOT; };
		931EF4FA1666B6EB00D11B32 /* CoreGraphics.framework */ = {isa = PBXFileReference; lastKnownFileType = wrapper.framework; name = CoreGraphics.framework; path = System/Library/Frameworks/CoreGraphics.framework; sourceTree = SDKROOT; };
		931EF4FC1666B6EB00D11B32 /* CoreData.framework */ = {isa = PBXFileReference; lastKnownFileType = wrapper.framework; name = CoreData.framework; path = System/Library/Frameworks/CoreData.framework; sourceTree = SDKROOT; };
		931EF5001666B6EB00D11B32 /* ManagedJastor-Info.plist */ = {isa = PBXFileReference; lastKnownFileType = text.plist.xml; path = "ManagedJastor-Info.plist"; sourceTree = "<group>"; };
		931EF5021666B6EB00D11B32 /* en */ = {isa = PBXFileReference; lastKnownFileType = text.plist.strings; name = en; path = en.lproj/InfoPlist.strings; sourceTree = "<group>"; };
		931EF5041666B6EB00D11B32 /* main.m */ = {isa = PBXFileReference; lastKnownFileType = sourcecode.c.objc; path = main.m; sourceTree = "<group>"; };
		931EF5061666B6EB00D11B32 /* ManagedJastor-Prefix.pch */ = {isa = PBXFileReference; lastKnownFileType = sourcecode.c.h; path = "ManagedJastor-Prefix.pch"; sourceTree = "<group>"; };
		931EF5071666B6EB00D11B32 /* AppDelegate.h */ = {isa = PBXFileReference; lastKnownFileType = sourcecode.c.h; path = AppDelegate.h; sourceTree = "<group>"; };
		931EF5081666B6EB00D11B32 /* AppDelegate.m */ = {isa = PBXFileReference; lastKnownFileType = sourcecode.c.objc; path = AppDelegate.m; sourceTree = "<group>"; };
		931EF50A1666B6EB00D11B32 /* Default.png */ = {isa = PBXFileReference; lastKnownFileType = image.png; path = Default.png; sourceTree = "<group>"; };
		931EF50C1666B6EB00D11B32 /* Default@2x.png */ = {isa = PBXFileReference; lastKnownFileType = image.png; path = "Default@2x.png"; sourceTree = "<group>"; };
		931EF50E1666B6EB00D11B32 /* Default-568h@2x.png */ = {isa = PBXFileReference; lastKnownFileType = image.png; path = "Default-568h@2x.png"; sourceTree = "<group>"; };
		931EF5111666B6EB00D11B32 /* ManagedJastor.xcdatamodel */ = {isa = PBXFileReference; lastKnownFileType = wrapper.xcdatamodel; path = ManagedJastor.xcdatamodel; sourceTree = "<group>"; };
		931EF5181666B6EB00D11B32 /* ManagedJastorTests.octest */ = {isa = PBXFileReference; explicitFileType = wrapper.cfbundle; includeInIndex = 0; path = ManagedJastorTests.octest; sourceTree = BUILT_PRODUCTS_DIR; };
		931EF5191666B6EB00D11B32 /* SenTestingKit.framework */ = {isa = PBXFileReference; lastKnownFileType = wrapper.framework; name = SenTestingKit.framework; path = Library/Frameworks/SenTestingKit.framework; sourceTree = DEVELOPER_DIR; };
		931EF5221666B6EB00D11B32 /* ManagedJastorTests-Info.plist */ = {isa = PBXFileReference; lastKnownFileType = text.plist.xml; path = "ManagedJastorTests-Info.plist"; sourceTree = "<group>"; };
		931EF5241666B6EB00D11B32 /* en */ = {isa = PBXFileReference; lastKnownFileType = text.plist.strings; name = en; path = en.lproj/InfoPlist.strings; sourceTree = "<group>"; };
		931EF5261666B6EB00D11B32 /* ManagedJastorTests.h */ = {isa = PBXFileReference; lastKnownFileType = sourcecode.c.h; path = ManagedJastorTests.h; sourceTree = "<group>"; };
		931EF5271666B6EB00D11B32 /* ManagedJastorTests.m */ = {isa = PBXFileReference; lastKnownFileType = sourcecode.c.objc; path = ManagedJastorTests.m; sourceTree = "<group>"; };
		931EF5441666B91500D11B32 /* ManagedJastor.h */ = {isa = PBXFileReference; fileEncoding = 4; lastKnownFileType = sourcecode.c.h; path = ManagedJastor.h; sourceTree = "<group>"; };
		931EF5451666B91500D11B32 /* ManagedJastor.m */ = {isa = PBXFileReference; fileEncoding = 4; lastKnownFileType = sourcecode.c.objc; path = ManagedJastor.m; sourceTree = "<group>"; };
		931EF5461666B91500D11B32 /* ManagedJastorRuntimeHelper.h */ = {isa = PBXFileReference; fileEncoding = 4; lastKnownFileType = sourcecode.c.h; path = ManagedJastorRuntimeHelper.h; sourceTree = "<group>"; };
		931EF5471666B91500D11B32 /* ManagedJastorRuntimeHelper.m */ = {isa = PBXFileReference; fileEncoding = 4; lastKnownFileType = sourcecode.c.objc; path = ManagedJastorRuntimeHelper.m; sourceTree = "<group>"; };
		931EF54C1666BB7A00D11B32 /* ProductCategory.h */ = {isa = PBXFileReference; fileEncoding = 4; lastKnownFileType = sourcecode.c.h; name = ProductCategory.h; path = ManagedJastor/Model/ProductCategory.h; sourceTree = "<group>"; };
		931EF54D1666BB7A00D11B32 /* ProductCategory.m */ = {isa = PBXFileReference; fileEncoding = 4; lastKnownFileType = sourcecode.c.objc; name = ProductCategory.m; path = ManagedJastor/Model/ProductCategory.m; sourceTree = "<group>"; };
		931EF5501666BBAB00D11B32 /* Product.h */ = {isa = PBXFileReference; fileEncoding = 4; lastKnownFileType = sourcecode.c.h; name = Product.h; path = ManagedJastor/Model/Product.h; sourceTree = "<group>"; };
		931EF5511666BBAB00D11B32 /* Product.m */ = {isa = PBXFileReference; fileEncoding = 4; lastKnownFileType = sourcecode.c.objc; name = Product.m; path = ManagedJastor/Model/Product.m; sourceTree = "<group>"; };
		931EF5541666C02100D11B32 /* Product.json */ = {isa = PBXFileReference; fileEncoding = 4; lastKnownFileType = text.json; name = Product.json; path = ManagedJastor/Product.json; sourceTree = "<group>"; };
		931EF5571666C16B00D11B32 /* README.md */ = {isa = PBXFileReference; fileEncoding = 4; lastKnownFileType = text; path = README.md; sourceTree = "<group>"; };
/* End PBXFileReference section */

/* Begin PBXFrameworksBuildPhase section */
		931EF4EF1666B6EB00D11B32 /* Frameworks */ = {
			isa = PBXFrameworksBuildPhase;
			buildActionMask = 2147483647;
			files = (
				931EF4F71666B6EB00D11B32 /* UIKit.framework in Frameworks */,
				931EF4F91666B6EB00D11B32 /* Foundation.framework in Frameworks */,
				931EF4FB1666B6EB00D11B32 /* CoreGraphics.framework in Frameworks */,
				931EF4FD1666B6EB00D11B32 /* CoreData.framework in Frameworks */,
			);
			runOnlyForDeploymentPostprocessing = 0;
		};
		931EF5141666B6EB00D11B32 /* Frameworks */ = {
			isa = PBXFrameworksBuildPhase;
			buildActionMask = 2147483647;
			files = (
				931EF51A1666B6EB00D11B32 /* SenTestingKit.framework in Frameworks */,
				931EF51B1666B6EB00D11B32 /* UIKit.framework in Frameworks */,
				931EF51C1666B6EB00D11B32 /* Foundation.framework in Frameworks */,
				931EF51D1666B6EB00D11B32 /* CoreData.framework in Frameworks */,
			);
			runOnlyForDeploymentPostprocessing = 0;
		};
/* End PBXFrameworksBuildPhase section */

/* Begin PBXGroup section */
		931EF4E71666B6EB00D11B32 = {
			isa = PBXGroup;
			children = (
				931EF5571666C16B00D11B32 /* README.md */,
				931EF5541666C02100D11B32 /* Product.json */,
				931EF5421666B91500D11B32 /* ManagedJastor */,
				931EF5331666B75500D11B32 /* Model */,
				931EF4FE1666B6EB00D11B32 /* ManagedJastor */,
				931EF5201666B6EB00D11B32 /* ManagedJastorTests */,
				931EF4F51666B6EB00D11B32 /* Frameworks */,
				931EF4F31666B6EB00D11B32 /* Products */,
			);
			sourceTree = "<group>";
		};
		931EF4F31666B6EB00D11B32 /* Products */ = {
			isa = PBXGroup;
			children = (
				931EF4F21666B6EB00D11B32 /* ManagedJastor.app */,
				931EF5181666B6EB00D11B32 /* ManagedJastorTests.octest */,
			);
			name = Products;
			sourceTree = "<group>";
		};
		931EF4F51666B6EB00D11B32 /* Frameworks */ = {
			isa = PBXGroup;
			children = (
				931EF4F61666B6EB00D11B32 /* UIKit.framework */,
				931EF4F81666B6EB00D11B32 /* Foundation.framework */,
				931EF4FA1666B6EB00D11B32 /* CoreGraphics.framework */,
				931EF4FC1666B6EB00D11B32 /* CoreData.framework */,
				931EF5191666B6EB00D11B32 /* SenTestingKit.framework */,
			);
			name = Frameworks;
			sourceTree = "<group>";
		};
		931EF4FE1666B6EB00D11B32 /* ManagedJastor */ = {
			isa = PBXGroup;
			children = (
				931EF5071666B6EB00D11B32 /* AppDelegate.h */,
				931EF5081666B6EB00D11B32 /* AppDelegate.m */,
				931EF5101666B6EB00D11B32 /* ManagedJastor.xcdatamodeld */,
				931EF4FF1666B6EB00D11B32 /* Supporting Files */,
			);
			path = ManagedJastor;
			sourceTree = "<group>";
		};
		931EF4FF1666B6EB00D11B32 /* Supporting Files */ = {
			isa = PBXGroup;
			children = (
				931EF5001666B6EB00D11B32 /* ManagedJastor-Info.plist */,
				931EF5011666B6EB00D11B32 /* InfoPlist.strings */,
				931EF5041666B6EB00D11B32 /* main.m */,
				931EF5061666B6EB00D11B32 /* ManagedJastor-Prefix.pch */,
				931EF50A1666B6EB00D11B32 /* Default.png */,
				931EF50C1666B6EB00D11B32 /* Default@2x.png */,
				931EF50E1666B6EB00D11B32 /* Default-568h@2x.png */,
			);
			name = "Supporting Files";
			sourceTree = "<group>";
		};
		931EF5201666B6EB00D11B32 /* ManagedJastorTests */ = {
			isa = PBXGroup;
			children = (
				931EF5261666B6EB00D11B32 /* ManagedJastorTests.h */,
				931EF5271666B6EB00D11B32 /* ManagedJastorTests.m */,
				931EF5211666B6EB00D11B32 /* Supporting Files */,
			);
			path = ManagedJastorTests;
			sourceTree = "<group>";
		};
		931EF5211666B6EB00D11B32 /* Supporting Files */ = {
			isa = PBXGroup;
			children = (
				931EF5221666B6EB00D11B32 /* ManagedJastorTests-Info.plist */,
				931EF5231666B6EB00D11B32 /* InfoPlist.strings */,
			);
			name = "Supporting Files";
			sourceTree = "<group>";
		};
		931EF5331666B75500D11B32 /* Model */ = {
			isa = PBXGroup;
			children = (
				931EF5501666BBAB00D11B32 /* Product.h */,
				931EF5511666BBAB00D11B32 /* Product.m */,
				931EF54C1666BB7A00D11B32 /* ProductCategory.h */,
				931EF54D1666BB7A00D11B32 /* ProductCategory.m */,
			);
			name = Model;
			sourceTree = "<group>";
		};
		931EF5421666B91500D11B32 /* ManagedJastor */ = {
			isa = PBXGroup;
			children = (
				931EF5441666B91500D11B32 /* ManagedJastor.h */,
				931EF5451666B91500D11B32 /* ManagedJastor.m */,
				931EF5461666B91500D11B32 /* ManagedJastorRuntimeHelper.h */,
				931EF5471666B91500D11B32 /* ManagedJastorRuntimeHelper.m */,
			);
			name = ManagedJastor;
			path = ManagedJastor/ManagedJastor;
			sourceTree = "<group>";
		};
/* End PBXGroup section */

/* Begin PBXNativeTarget section */
		931EF4F11666B6EB00D11B32 /* ManagedJastor */ = {
			isa = PBXNativeTarget;
			buildConfigurationList = 931EF52B1666B6EB00D11B32 /* Build configuration list for PBXNativeTarget "ManagedJastor" */;
			buildPhases = (
				931EF4EE1666B6EB00D11B32 /* Sources */,
				931EF4EF1666B6EB00D11B32 /* Frameworks */,
				931EF4F01666B6EB00D11B32 /* Resources */,
			);
			buildRules = (
			);
			dependencies = (
			);
			name = ManagedJastor;
			productName = ManagedJastor;
			productReference = 931EF4F21666B6EB00D11B32 /* ManagedJastor.app */;
			productType = "com.apple.product-type.application";
		};
		931EF5171666B6EB00D11B32 /* ManagedJastorTests */ = {
			isa = PBXNativeTarget;
			buildConfigurationList = 931EF52E1666B6EB00D11B32 /* Build configuration list for PBXNativeTarget "ManagedJastorTests" */;
			buildPhases = (
				931EF5131666B6EB00D11B32 /* Sources */,
				931EF5141666B6EB00D11B32 /* Frameworks */,
				931EF5151666B6EB00D11B32 /* Resources */,
				931EF5161666B6EB00D11B32 /* ShellScript */,
			);
			buildRules = (
			);
			dependencies = (
				931EF51F1666B6EB00D11B32 /* PBXTargetDependency */,
			);
			name = ManagedJastorTests;
			productName = ManagedJastorTests;
			productReference = 931EF5181666B6EB00D11B32 /* ManagedJastorTests.octest */;
			productType = "com.apple.product-type.bundle";
		};
/* End PBXNativeTarget section */

/* Begin PBXProject section */
		931EF4E91666B6EB00D11B32 /* Project object */ = {
			isa = PBXProject;
			attributes = {
				LastUpgradeCheck = 0450;
				ORGANIZATIONNAME = "Evgeny Lavrik";
			};
			buildConfigurationList = 931EF4EC1666B6EB00D11B32 /* Build configuration list for PBXProject "ManagedJastor" */;
			compatibilityVersion = "Xcode 3.2";
			developmentRegion = English;
			hasScannedForEncodings = 0;
			knownRegions = (
				en,
			);
			mainGroup = 931EF4E71666B6EB00D11B32;
			productRefGroup = 931EF4F31666B6EB00D11B32 /* Products */;
			projectDirPath = "";
			projectRoot = "";
			targets = (
				931EF4F11666B6EB00D11B32 /* ManagedJastor */,
				931EF5171666B6EB00D11B32 /* ManagedJastorTests */,
			);
		};
/* End PBXProject section */

/* Begin PBXResourcesBuildPhase section */
		931EF4F01666B6EB00D11B32 /* Resources */ = {
			isa = PBXResourcesBuildPhase;
			buildActionMask = 2147483647;
			files = (
				931EF5031666B6EB00D11B32 /* InfoPlist.strings in Resources */,
				931EF50B1666B6EB00D11B32 /* Default.png in Resources */,
				931EF50D1666B6EB00D11B32 /* Default@2x.png in Resources */,
				931EF50F1666B6EB00D11B32 /* Default-568h@2x.png in Resources */,
				931EF5551666C02100D11B32 /* Product.json in Resources */,
				931EF5581666C16B00D11B32 /* README.md in Resources */,
			);
			runOnlyForDeploymentPostprocessing = 0;
		};
		931EF5151666B6EB00D11B32 /* Resources */ = {
			isa = PBXResourcesBuildPhase;
			buildActionMask = 2147483647;
			files = (
				931EF5251666B6EB00D11B32 /* InfoPlist.strings in Resources */,
				931EF5561666C02100D11B32 /* Product.json in Resources */,
				931EF5591666C16B00D11B32 /* README.md in Resources */,
			);
			runOnlyForDeploymentPostprocessing = 0;
		};
/* End PBXResourcesBuildPhase section */

/* Begin PBXShellScriptBuildPhase section */
		931EF5161666B6EB00D11B32 /* ShellScript */ = {
			isa = PBXShellScriptBuildPhase;
			buildActionMask = 2147483647;
			files = (
			);
			inputPaths = (
			);
			outputPaths = (
			);
			runOnlyForDeploymentPostprocessing = 0;
			shellPath = /bin/sh;
			shellScript = "# Run the unit tests in this test bundle.\n\"${SYSTEM_DEVELOPER_DIR}/Tools/RunUnitTests\"\n";
		};
/* End PBXShellScriptBuildPhase section */

/* Begin PBXSourcesBuildPhase section */
		931EF4EE1666B6EB00D11B32 /* Sources */ = {
			isa = PBXSourcesBuildPhase;
			buildActionMask = 2147483647;
			files = (
				931EF5051666B6EB00D11B32 /* main.m in Sources */,
				931EF5091666B6EB00D11B32 /* AppDelegate.m in Sources */,
				931EF5121666B6EB00D11B32 /* ManagedJastor.xcdatamodeld in Sources */,
				931EF5481666B91500D11B32 /* ManagedJastor.m in Sources */,
				931EF54A1666B91500D11B32 /* ManagedJastorRuntimeHelper.m in Sources */,
				931EF54E1666BB7A00D11B32 /* ProductCategory.m in Sources */,
				931EF5521666BBAB00D11B32 /* Product.m in Sources */,
			);
			runOnlyForDeploymentPostprocessing = 0;
		};
		931EF5131666B6EB00D11B32 /* Sources */ = {
			isa = PBXSourcesBuildPhase;
			buildActionMask = 2147483647;
			files = (
				931EF5281666B6EB00D11B32 /* ManagedJastorTests.m in Sources */,
				931EF5491666B91500D11B32 /* ManagedJastor.m in Sources */,
				931EF54B1666B91500D11B32 /* ManagedJastorRuntimeHelper.m in Sources */,
				931EF54F1666BB7A00D11B32 /* ProductCategory.m in Sources */,
				931EF5531666BBAB00D11B32 /* Product.m in Sources */,
			);
			runOnlyForDeploymentPostprocessing = 0;
		};
/* End PBXSourcesBuildPhase section */

/* Begin PBXTargetDependency section */
		931EF51F1666B6EB00D11B32 /* PBXTargetDependency */ = {
			isa = PBXTargetDependency;
			target = 931EF4F11666B6EB00D11B32 /* ManagedJastor */;
			targetProxy = 931EF51E1666B6EB00D11B32 /* PBXContainerItemProxy */;
		};
/* End PBXTargetDependency section */

/* Begin PBXVariantGroup section */
		931EF5011666B6EB00D11B32 /* InfoPlist.strings */ = {
			isa = PBXVariantGroup;
			children = (
				931EF5021666B6EB00D11B32 /* en */,
			);
			name = InfoPlist.strings;
			sourceTree = "<group>";
		};
		931EF5231666B6EB00D11B32 /* InfoPlist.strings */ = {
			isa = PBXVariantGroup;
			children = (
				931EF5241666B6EB00D11B32 /* en */,
			);
			name = InfoPlist.strings;
			sourceTree = "<group>";
		};
/* End PBXVariantGroup section */

/* Begin XCBuildConfiguration section */
		931EF5291666B6EB00D11B32 /* Debug */ = {
			isa = XCBuildConfiguration;
			buildSettings = {
				ALWAYS_SEARCH_USER_PATHS = NO;
				CLANG_CXX_LANGUAGE_STANDARD = "gnu++0x";
				CLANG_CXX_LIBRARY = "libc++";
				CLANG_ENABLE_OBJC_ARC = YES;
				CLANG_WARN_EMPTY_BODY = YES;
				CLANG_WARN__DUPLICATE_METHOD_MATCH = YES;
				"CODE_SIGN_IDENTITY[sdk=iphoneos*]" = "iPhone Developer";
				COPY_PHASE_STRIP = NO;
				GCC_C_LANGUAGE_STANDARD = gnu99;
				GCC_DYNAMIC_NO_PIC = NO;
				GCC_OPTIMIZATION_LEVEL = 0;
				GCC_PREPROCESSOR_DEFINITIONS = (
					"DEBUG=1",
					"$(inherited)",
				);
				GCC_SYMBOLS_PRIVATE_EXTERN = NO;
				GCC_WARN_ABOUT_RETURN_TYPE = YES;
				GCC_WARN_UNINITIALIZED_AUTOS = YES;
				GCC_WARN_UNUSED_VARIABLE = YES;
				IPHONEOS_DEPLOYMENT_TARGET = 6.0;
				ONLY_ACTIVE_ARCH = YES;
				SDKROOT = iphoneos;
				TARGETED_DEVICE_FAMILY = "1,2";
			};
			name = Debug;
		};
		931EF52A1666B6EB00D11B32 /* Release */ = {
			isa = XCBuildConfiguration;
			buildSettings = {
				ALWAYS_SEARCH_USER_PATHS = NO;
				CLANG_CXX_LANGUAGE_STANDARD = "gnu++0x";
				CLANG_CXX_LIBRARY = "libc++";
				CLANG_ENABLE_OBJC_ARC = YES;
				CLANG_WARN_EMPTY_BODY = YES;
				CLANG_WARN__DUPLICATE_METHOD_MATCH = YES;
				"CODE_SIGN_IDENTITY[sdk=iphoneos*]" = "iPhone Developer";
				COPY_PHASE_STRIP = YES;
				GCC_C_LANGUAGE_STANDARD = gnu99;
				GCC_WARN_ABOUT_RETURN_TYPE = YES;
				GCC_WARN_UNINITIALIZED_AUTOS = YES;
				GCC_WARN_UNUSED_VARIABLE = YES;
				IPHONEOS_DEPLOYMENT_TARGET = 6.0;
				OTHER_CFLAGS = "-DNS_BLOCK_ASSERTIONS=1";
				SDKROOT = iphoneos;
				TARGETED_DEVICE_FAMILY = "1,2";
				VALIDATE_PRODUCT = YES;
			};
			name = Release;
		};
		931EF52C1666B6EB00D11B32 /* Debug */ = {
			isa = XCBuildConfiguration;
			buildSettings = {
				GCC_PRECOMPILE_PREFIX_HEADER = YES;
				GCC_PREFIX_HEADER = "ManagedJastor/ManagedJastor-Prefix.pch";
				INFOPLIST_FILE = "ManagedJastor/ManagedJastor-Info.plist";
				PRODUCT_NAME = "$(TARGET_NAME)";
				WRAPPER_EXTENSION = app;
			};
			name = Debug;
		};
		931EF52D1666B6EB00D11B32 /* Release */ = {
			isa = XCBuildConfiguration;
			buildSettings = {
				GCC_PRECOMPILE_PREFIX_HEADER = YES;
				GCC_PREFIX_HEADER = "ManagedJastor/ManagedJastor-Prefix.pch";
				INFOPLIST_FILE = "ManagedJastor/ManagedJastor-Info.plist";
				PRODUCT_NAME = "$(TARGET_NAME)";
				WRAPPER_EXTENSION = app;
			};
			name = Release;
		};
		931EF52F1666B6EB00D11B32 /* Debug */ = {
			isa = XCBuildConfiguration;
			buildSettings = {
				BUNDLE_LOADER = "$(BUILT_PRODUCTS_DIR)/ManagedJastor.app/ManagedJastor";
				FRAMEWORK_SEARCH_PATHS = (
					"\"$(SDKROOT)/Developer/Library/Frameworks\"",
					"\"$(DEVELOPER_LIBRARY_DIR)/Frameworks\"",
				);
				GCC_PRECOMPILE_PREFIX_HEADER = YES;
				GCC_PREFIX_HEADER = "ManagedJastor/ManagedJastor-Prefix.pch";
				INFOPLIST_FILE = "ManagedJastorTests/ManagedJastorTests-Info.plist";
				PRODUCT_NAME = "$(TARGET_NAME)";
				TEST_HOST = "$(BUNDLE_LOADER)";
				WRAPPER_EXTENSION = octest;
			};
			name = Debug;
		};
		931EF5301666B6EB00D11B32 /* Release */ = {
			isa = XCBuildConfiguration;
			buildSettings = {
				BUNDLE_LOADER = "$(BUILT_PRODUCTS_DIR)/ManagedJastor.app/ManagedJastor";
				FRAMEWORK_SEARCH_PATHS = (
					"\"$(SDKROOT)/Developer/Library/Frameworks\"",
					"\"$(DEVELOPER_LIBRARY_DIR)/Frameworks\"",
				);
				GCC_PRECOMPILE_PREFIX_HEADER = YES;
				GCC_PREFIX_HEADER = "ManagedJastor/ManagedJastor-Prefix.pch";
				INFOPLIST_FILE = "ManagedJastorTests/ManagedJastorTests-Info.plist";
				PRODUCT_NAME = "$(TARGET_NAME)";
				TEST_HOST = "$(BUNDLE_LOADER)";
				WRAPPER_EXTENSION = octest;
			};
			name = Release;
		};
/* End XCBuildConfiguration section */

/* Begin XCConfigurationList section */
		931EF4EC1666B6EB00D11B32 /* Build configuration list for PBXProject "ManagedJastor" */ = {
			isa = XCConfigurationList;
			buildConfigurations = (
				931EF5291666B6EB00D11B32 /* Debug */,
				931EF52A1666B6EB00D11B32 /* Release */,
			);
			defaultConfigurationIsVisible = 0;
			defaultConfigurationName = Release;
		};
		931EF52B1666B6EB00D11B32 /* Build configuration list for PBXNativeTarget "ManagedJastor" */ = {
			isa = XCConfigurationList;
			buildConfigurations = (
				931EF52C1666B6EB00D11B32 /* Debug */,
				931EF52D1666B6EB00D11B32 /* Release */,
			);
			defaultConfigurationIsVisible = 0;
		};
		931EF52E1666B6EB00D11B32 /* Build configuration list for PBXNativeTarget "ManagedJastorTests" */ = {
			isa = XCConfigurationList;
			buildConfigurations = (
				931EF52F1666B6EB00D11B32 /* Debug */,
				931EF5301666B6EB00D11B32 /* Release */,
			);
			defaultConfigurationIsVisible = 0;
		};
/* End XCConfigurationList section */

/* Begin XCVersionGroup section */
		931EF5101666B6EB00D11B32 /* ManagedJastor.xcdatamodeld */ = {
			isa = XCVersionGroup;
			children = (
				931EF5111666B6EB00D11B32 /* ManagedJastor.xcdatamodel */,
			);
			currentVersion = 931EF5111666B6EB00D11B32 /* ManagedJastor.xcdatamodel */;
			path = ManagedJastor.xcdatamodeld;
			sourceTree = "<group>";
			versionGroupType = wrapper.xcdatamodel;
		};
/* End XCVersionGroup section */
	};
	rootObject = 931EF4E91666B6EB00D11B32 /* Project object */;
}
